
Microsoft Visual Studio Solution File, Format Version 12.00
# Visual Studio 15
VisualStudioVersion = 15.0.28307.438
MinimumVisualStudioVersion = 10.0.40219.1
Project("{FAE04EC0-301F-11D3-BF4B-00C04F79EFBC}") = "SLNStokTakipV1", "SLNStokTakipV1\SLNStokTakipV1.csproj", "{CC631562-D604-458A-9BBD-BEF5472E6B99}"
EndProject
Global
	GlobalSection(SolutionConfigurationPlatforms) = preSolution
		Debug|Any CPU = Debug|Any CPU
		Release|Any CPU = Release|Any CPU
	EndGlobalSection
	GlobalSection(ProjectConfigurationPlatforms) = postSolution
		{CC631562-D604-458A-9BBD-BEF5472E6B99}.Debug|Any CPU.ActiveCfg = Debug|Any CPU
		{CC631562-D604-458A-9BBD-BEF5472E6B99}.Debug|Any CPU.Build.0 = Debug|Any CPU
		{CC631562-D604-458A-9BBD-BEF5472E6B99}.Release|Any CPU.ActiveCfg = Release|Any CPU
		{CC631562-D604-458A-9BBD-BEF5472E6B99}.Release|Any CPU.Build.0 = Release|Any CPU
	EndGlobalSection
	GlobalSection(SolutionProperties) = preSolution
		HideSolutionNode = FALSE
	EndGlobalSection
	GlobalSection(ExtensibilityGlobals) = postSolution
		SolutionGuid = {3828A2A2-F26A-47D4-8A86-3E969E9BB3A9}
	EndGlobalSection
EndGlobal
